
Microsoft Visual Studio Solution File, Format Version 12.00
# Visual Studio 15
VisualStudioVersion = 15.0.28307.852
MinimumVisualStudioVersion = 10.0.40219.1
Project("{FAE04EC0-301F-11D3-BF4B-00C04F79EFBC}") = "MyProjectForm", "MyProjectForm\MyProjectForm.csproj", "{EE9AE544-7DB8-477C-97DD-F93B55FA655B}"
EndProject
Project("{FAE04EC0-301F-11D3-BF4B-00C04F79EFBC}") = "test", "test\test.csproj", "{E1518A24-5FAD-40A8-8E75-E9BD02A59E9C}"
EndProject
Global
	GlobalSection(SolutionConfigurationPlatforms) = preSolution
		Debug|Any CPU = Debug|Any CPU
		Release|Any CPU = Release|Any CPU
	EndGlobalSection
	GlobalSection(ProjectConfigurationPlatforms) = postSolution
		{EE9AE544-7DB8-477C-97DD-F93B55FA655B}.Debug|Any CPU.ActiveCfg = Debug|Any CPU
		{EE9AE544-7DB8-477C-97DD-F93B55FA655B}.Debug|Any CPU.Build.0 = Debug|Any CPU
		{EE9AE544-7DB8-477C-97DD-F93B55FA655B}.Release|Any CPU.ActiveCfg = Release|Any CPU
		{EE9AE544-7DB8-477C-97DD-F93B55FA655B}.Release|Any CPU.Build.0 = Release|Any CPU
		{E1518A24-5FAD-40A8-8E75-E9BD02A59E9C}.Debug|Any CPU.ActiveCfg = Debug|Any CPU
		{E1518A24-5FAD-40A8-8E75-E9BD02A59E9C}.Debug|Any CPU.Build.0 = Debug|Any CPU
		{E1518A24-5FAD-40A8-8E75-E9BD02A59E9C}.Release|Any CPU.ActiveCfg = Release|Any CPU
		{E1518A24-5FAD-40A8-8E75-E9BD02A59E9C}.Release|Any CPU.Build.0 = Release|Any CPU
	EndGlobalSection
	GlobalSection(SolutionProperties) = preSolution
		HideSolutionNode = FALSE
	EndGlobalSection
	GlobalSection(ExtensibilityGlobals) = postSolution
		SolutionGuid = {D45E9EE3-8BEA-4177-A3DA-72B263A9B787}
	EndGlobalSection
EndGlobal
